
Microsoft Visual Studio Solution File, Format Version 12.00
# Visual Studio Version 16
VisualStudioVersion = 16.0.810.16
MinimumVisualStudioVersion = 10.0.40219.1
Project("{FAE04EC0-301F-11D3-BF4B-00C04F79EFBC}") = "GithubActionsDemo", "GithubActionsDemo\GithubActionsDemo.csproj", "{5E5EF7D5-B1B1-4015-B3AC-6296859528D5}"
EndProject
Global
	GlobalSection(SolutionConfigurationPlatforms) = preSolution
		Debug|Any CPU = Debug|Any CPU
		Release|Any CPU = Release|Any CPU
	EndGlobalSection
	GlobalSection(ProjectConfigurationPlatforms) = postSolution
		{5E5EF7D5-B1B1-4015-B3AC-6296859528D5}.Debug|Any CPU.ActiveCfg = Debug|Any CPU
		{5E5EF7D5-B1B1-4015-B3AC-6296859528D5}.Debug|Any CPU.Build.0 = Debug|Any CPU
		{5E5EF7D5-B1B1-4015-B3AC-6296859528D5}.Release|Any CPU.ActiveCfg = Release|Any CPU
		{5E5EF7D5-B1B1-4015-B3AC-6296859528D5}.Release|Any CPU.Build.0 = Release|Any CPU
	EndGlobalSection
	GlobalSection(SolutionProperties) = preSolution
		HideSolutionNode = FALSE
	EndGlobalSection
	GlobalSection(ExtensibilityGlobals) = postSolution
		SolutionGuid = {3A089FF3-E9F9-4378-BC01-AC031A03B4B3}
	EndGlobalSection
EndGlobal
