
Microsoft Visual Studio Solution File, Format Version 12.00
# Visual Studio Version 16
VisualStudioVersion = 16.0.810.16
MinimumVisualStudioVersion = 10.0.40219.1
Project("{FAE04EC0-301F-11D3-BF4B-00C04F79EFBC}") = "GitHubActionsDemo", "GitHubActionsDemo\GitHubActionsDemo.csproj", "{A8D50113-6F3D-47DB-B502-D02D34067527}"
EndProject
Project("{FAE04EC0-301F-11D3-BF4B-00C04F79EFBC}") = "Test", "Test\Test.csproj", "{589EDEA1-12A5-49AB-A71F-305CFFABBD4B}"
EndProject
Global
	GlobalSection(SolutionConfigurationPlatforms) = preSolution
		Debug|Any CPU = Debug|Any CPU
		Release|Any CPU = Release|Any CPU
	EndGlobalSection
	GlobalSection(ProjectConfigurationPlatforms) = postSolution
		{A8D50113-6F3D-47DB-B502-D02D34067527}.Debug|Any CPU.ActiveCfg = Debug|Any CPU
		{A8D50113-6F3D-47DB-B502-D02D34067527}.Debug|Any CPU.Build.0 = Debug|Any CPU
		{A8D50113-6F3D-47DB-B502-D02D34067527}.Release|Any CPU.ActiveCfg = Release|Any CPU
		{A8D50113-6F3D-47DB-B502-D02D34067527}.Release|Any CPU.Build.0 = Release|Any CPU
		{589EDEA1-12A5-49AB-A71F-305CFFABBD4B}.Debug|Any CPU.ActiveCfg = Debug|Any CPU
		{589EDEA1-12A5-49AB-A71F-305CFFABBD4B}.Debug|Any CPU.Build.0 = Debug|Any CPU
		{589EDEA1-12A5-49AB-A71F-305CFFABBD4B}.Release|Any CPU.ActiveCfg = Release|Any CPU
		{589EDEA1-12A5-49AB-A71F-305CFFABBD4B}.Release|Any CPU.Build.0 = Release|Any CPU
	EndGlobalSection
	GlobalSection(SolutionProperties) = preSolution
		HideSolutionNode = FALSE
	EndGlobalSection
	GlobalSection(ExtensibilityGlobals) = postSolution
		SolutionGuid = {90A015D8-5342-4C3A-A57B-BEB88E0A8E9E}
	EndGlobalSection
EndGlobal
